
Microsoft Visual Studio Solution File, Format Version 12.00
# Visual Studio Version 16
VisualStudioVersion = 16.0.31129.286
MinimumVisualStudioVersion = 10.0.40219.1
Project("{FAE04EC0-301F-11D3-BF4B-00C04F79EFBC}") = "PriStringDumper", "PriStringDumper\PriStringDumper.csproj", "{410D91D2-A34E-4430-AE2E-A88A179B9D33}"
EndProject
Project("{FAE04EC0-301F-11D3-BF4B-00C04F79EFBC}") = "PriFormat", "PriFormat\PriFormat.csproj", "{A7228EC9-ACD6-4B18-BDCA-65160149B83A}"
EndProject
Project("{8BC9CEB8-8B4A-11D0-8D11-00A0C91BC942}") = "tswinrt", "tswinrt\tswinrt.vcxproj", "{8385CF1B-C4A4-47C6-A428-1620305B5B01}"
EndProject
Project("{FAE04EC0-301F-11D3-BF4B-00C04F79EFBC}") = "StaticDumper", "StaticDumper\StaticDumper\StaticDumper.csproj", "{5111D1A5-CE9A-4185-8EE2-2CCD275FF545}"
EndProject
Global
	GlobalSection(SolutionConfigurationPlatforms) = preSolution
		Debug|Any CPU = Debug|Any CPU
		Debug|ARM = Debug|ARM
		Debug|ARM64 = Debug|ARM64
		Debug|x64 = Debug|x64
		Debug|x86 = Debug|x86
		Release|Any CPU = Release|Any CPU
		Release|ARM = Release|ARM
		Release|ARM64 = Release|ARM64
		Release|x64 = Release|x64
		Release|x86 = Release|x86
	EndGlobalSection
	GlobalSection(ProjectConfigurationPlatforms) = postSolution
		{410D91D2-A34E-4430-AE2E-A88A179B9D33}.Debug|Any CPU.ActiveCfg = Debug|Any CPU
		{410D91D2-A34E-4430-AE2E-A88A179B9D33}.Debug|Any CPU.Build.0 = Debug|Any CPU
		{410D91D2-A34E-4430-AE2E-A88A179B9D33}.Debug|ARM.ActiveCfg = Debug|Any CPU
		{410D91D2-A34E-4430-AE2E-A88A179B9D33}.Debug|ARM.Build.0 = Debug|Any CPU
		{410D91D2-A34E-4430-AE2E-A88A179B9D33}.Debug|ARM64.ActiveCfg = Debug|Any CPU
		{410D91D2-A34E-4430-AE2E-A88A179B9D33}.Debug|ARM64.Build.0 = Debug|Any CPU
		{410D91D2-A34E-4430-AE2E-A88A179B9D33}.Debug|x64.ActiveCfg = Debug|Any CPU
		{410D91D2-A34E-4430-AE2E-A88A179B9D33}.Debug|x64.Build.0 = Debug|Any CPU
		{410D91D2-A34E-4430-AE2E-A88A179B9D33}.Debug|x86.ActiveCfg = Debug|Any CPU
		{410D91D2-A34E-4430-AE2E-A88A179B9D33}.Debug|x86.Build.0 = Debug|Any CPU
		{410D91D2-A34E-4430-AE2E-A88A179B9D33}.Release|Any CPU.ActiveCfg = Release|Any CPU
		{410D91D2-A34E-4430-AE2E-A88A179B9D33}.Release|Any CPU.Build.0 = Release|Any CPU
		{410D91D2-A34E-4430-AE2E-A88A179B9D33}.Release|ARM.ActiveCfg = Release|Any CPU
		{410D91D2-A34E-4430-AE2E-A88A179B9D33}.Release|ARM.Build.0 = Release|Any CPU
		{410D91D2-A34E-4430-AE2E-A88A179B9D33}.Release|ARM64.ActiveCfg = Release|Any CPU
		{410D91D2-A34E-4430-AE2E-A88A179B9D33}.Release|ARM64.Build.0 = Release|Any CPU
		{410D91D2-A34E-4430-AE2E-A88A179B9D33}.Release|x64.ActiveCfg = Release|Any CPU
		{410D91D2-A34E-4430-AE2E-A88A179B9D33}.Release|x64.Build.0 = Release|Any CPU
		{410D91D2-A34E-4430-AE2E-A88A179B9D33}.Release|x86.ActiveCfg = Release|Any CPU
		{410D91D2-A34E-4430-AE2E-A88A179B9D33}.Release|x86.Build.0 = Release|Any CPU
		{A7228EC9-ACD6-4B18-BDCA-65160149B83A}.Debug|Any CPU.ActiveCfg = Debug|Any CPU
		{A7228EC9-ACD6-4B18-BDCA-65160149B83A}.Debug|Any CPU.Build.0 = Debug|Any CPU
		{A7228EC9-ACD6-4B18-BDCA-65160149B83A}.Debug|ARM.ActiveCfg = Debug|Any CPU
		{A7228EC9-ACD6-4B18-BDCA-65160149B83A}.Debug|ARM.Build.0 = Debug|Any CPU
		{A7228EC9-ACD6-4B18-BDCA-65160149B83A}.Debug|ARM64.ActiveCfg = Debug|Any CPU
		{A7228EC9-ACD6-4B18-BDCA-65160149B83A}.Debug|ARM64.Build.0 = Debug|Any CPU
		{A7228EC9-ACD6-4B18-BDCA-65160149B83A}.Debug|x64.ActiveCfg = Debug|Any CPU
		{A7228EC9-ACD6-4B18-BDCA-65160149B83A}.Debug|x64.Build.0 = Debug|Any CPU
		{A7228EC9-ACD6-4B18-BDCA-65160149B83A}.Debug|x86.ActiveCfg = Debug|Any CPU
		{A7228EC9-ACD6-4B18-BDCA-65160149B83A}.Debug|x86.Build.0 = Debug|Any CPU
		{A7228EC9-ACD6-4B18-BDCA-65160149B83A}.Release|Any CPU.ActiveCfg = Release|Any CPU
		{A7228EC9-ACD6-4B18-BDCA-65160149B83A}.Release|Any CPU.Build.0 = Release|Any CPU
		{A7228EC9-ACD6-4B18-BDCA-65160149B83A}.Release|ARM.ActiveCfg = Release|Any CPU
		{A7228EC9-ACD6-4B18-BDCA-65160149B83A}.Release|ARM.Build.0 = Release|Any CPU
		{A7228EC9-ACD6-4B18-BDCA-65160149B83A}.Release|ARM64.ActiveCfg = Release|Any CPU
		{A7228EC9-ACD6-4B18-BDCA-65160149B83A}.Release|ARM64.Build.0 = Release|Any CPU
		{A7228EC9-ACD6-4B18-BDCA-65160149B83A}.Release|x64.ActiveCfg = Release|Any CPU
		{A7228EC9-ACD6-4B18-BDCA-65160149B83A}.Release|x64.Build.0 = Release|Any CPU
		{A7228EC9-ACD6-4B18-BDCA-65160149B83A}.Release|x86.ActiveCfg = Release|Any CPU
		{A7228EC9-ACD6-4B18-BDCA-65160149B83A}.Release|x86.Build.0 = Release|Any CPU
		{8385CF1B-C4A4-47C6-A428-1620305B5B01}.Debug|Any CPU.ActiveCfg = Debug|Win32
		{8385CF1B-C4A4-47C6-A428-1620305B5B01}.Debug|ARM.ActiveCfg = Debug|Win32
		{8385CF1B-C4A4-47C6-A428-1620305B5B01}.Debug|ARM64.ActiveCfg = Debug|Win32
		{8385CF1B-C4A4-47C6-A428-1620305B5B01}.Debug|x64.ActiveCfg = Debug|x64
		{8385CF1B-C4A4-47C6-A428-1620305B5B01}.Debug|x64.Build.0 = Debug|x64
		{8385CF1B-C4A4-47C6-A428-1620305B5B01}.Debug|x86.ActiveCfg = Debug|Win32
		{8385CF1B-C4A4-47C6-A428-1620305B5B01}.Debug|x86.Build.0 = Debug|Win32
		{8385CF1B-C4A4-47C6-A428-1620305B5B01}.Release|Any CPU.ActiveCfg = Release|Win32
		{8385CF1B-C4A4-47C6-A428-1620305B5B01}.Release|ARM.ActiveCfg = Release|Win32
		{8385CF1B-C4A4-47C6-A428-1620305B5B01}.Release|ARM64.ActiveCfg = Release|Win32
		{8385CF1B-C4A4-47C6-A428-1620305B5B01}.Release|x64.ActiveCfg = Release|x64
		{8385CF1B-C4A4-47C6-A428-1620305B5B01}.Release|x64.Build.0 = Release|x64
		{8385CF1B-C4A4-47C6-A428-1620305B5B01}.Release|x86.ActiveCfg = Release|Win32
		{8385CF1B-C4A4-47C6-A428-1620305B5B01}.Release|x86.Build.0 = Release|Win32
		{5111D1A5-CE9A-4185-8EE2-2CCD275FF545}.Debug|Any CPU.ActiveCfg = Debug|x86
		{5111D1A5-CE9A-4185-8EE2-2CCD275FF545}.Debug|ARM.ActiveCfg = Debug|ARM
		{5111D1A5-CE9A-4185-8EE2-2CCD275FF545}.Debug|ARM.Build.0 = Debug|ARM
		{5111D1A5-CE9A-4185-8EE2-2CCD275FF545}.Debug|ARM.Deploy.0 = Debug|ARM
		{5111D1A5-CE9A-4185-8EE2-2CCD275FF545}.Debug|ARM64.ActiveCfg = Debug|ARM64
		{5111D1A5-CE9A-4185-8EE2-2CCD275FF545}.Debug|ARM64.Build.0 = Debug|ARM64
		{5111D1A5-CE9A-4185-8EE2-2CCD275FF545}.Debug|ARM64.Deploy.0 = Debug|ARM64
		{5111D1A5-CE9A-4185-8EE2-2CCD275FF545}.Debug|x64.ActiveCfg = Debug|x64
		{5111D1A5-CE9A-4185-8EE2-2CCD275FF545}.Debug|x64.Build.0 = Debug|x64
		{5111D1A5-CE9A-4185-8EE2-2CCD275FF545}.Debug|x64.Deploy.0 = Debug|x64
		{5111D1A5-CE9A-4185-8EE2-2CCD275FF545}.Debug|x86.ActiveCfg = Debug|x86
		{5111D1A5-CE9A-4185-8EE2-2CCD275FF545}.Debug|x86.Build.0 = Debug|x86
		{5111D1A5-CE9A-4185-8EE2-2CCD275FF545}.Debug|x86.Deploy.0 = Debug|x86
		{5111D1A5-CE9A-4185-8EE2-2CCD275FF545}.Release|Any CPU.ActiveCfg = Release|x86
		{5111D1A5-CE9A-4185-8EE2-2CCD275FF545}.Release|ARM.ActiveCfg = Release|ARM
		{5111D1A5-CE9A-4185-8EE2-2CCD275FF545}.Release|ARM.Build.0 = Release|ARM
		{5111D1A5-CE9A-4185-8EE2-2CCD275FF545}.Release|ARM.Deploy.0 = Release|ARM
		{5111D1A5-CE9A-4185-8EE2-2CCD275FF545}.Release|ARM64.ActiveCfg = Release|ARM64
		{5111D1A5-CE9A-4185-8EE2-2CCD275FF545}.Release|ARM64.Build.0 = Release|ARM64
		{5111D1A5-CE9A-4185-8EE2-2CCD275FF545}.Release|ARM64.Deploy.0 = Release|ARM64
		{5111D1A5-CE9A-4185-8EE2-2CCD275FF545}.Release|x64.ActiveCfg = Release|x64
		{5111D1A5-CE9A-4185-8EE2-2CCD275FF545}.Release|x64.Build.0 = Release|x64
		{5111D1A5-CE9A-4185-8EE2-2CCD275FF545}.Release|x64.Deploy.0 = Release|x64
		{5111D1A5-CE9A-4185-8EE2-2CCD275FF545}.Release|x86.ActiveCfg = Release|x86
		{5111D1A5-CE9A-4185-8EE2-2CCD275FF545}.Release|x86.Build.0 = Release|x86
		{5111D1A5-CE9A-4185-8EE2-2CCD275FF545}.Release|x86.Deploy.0 = Release|x86
	EndGlobalSection
	GlobalSection(SolutionProperties) = preSolution
		HideSolutionNode = FALSE
	EndGlobalSection
	GlobalSection(ExtensibilityGlobals) = postSolution
		SolutionGuid = {EBB29808-129A-431F-BFC8-AE1D3B357C89}
	EndGlobalSection
EndGlobal
